// !$*UTF8*$!
{
	archiveVersion = 1;
	classes = {
	};
	objectVersion = 46;
	objects = {

/* Begin PBXBuildFile section */
		EC02BF8F184E0828006A2856 /* Foundation.framework in Frameworks */ = {isa = PBXBuildFile; fileRef = EC02BF8E184E0828006A2856 /* Foundation.framework */; };
		EC02BF91184E0828006A2856 /* CoreGraphics.framework in Frameworks */ = {isa = PBXBuildFile; fileRef = EC02BF90184E0828006A2856 /* CoreGraphics.framework */; };
		EC02BF93184E0828006A2856 /* UIKit.framework in Frameworks */ = {isa = PBXBuildFile; fileRef = EC02BF92184E0828006A2856 /* UIKit.framework */; };
		EC02BF99184E0828006A2856 /* InfoPlist.strings in Resources */ = {isa = PBXBuildFile; fileRef = EC02BF97184E0828006A2856 /* InfoPlist.strings */; };
		EC02BF9B184E0828006A2856 /* main.m in Sources */ = {isa = PBXBuildFile; fileRef = EC02BF9A184E0828006A2856 /* main.m */; };
		EC02BF9F184E0828006A2856 /* AppDelegate.m in Sources */ = {isa = PBXBuildFile; fileRef = EC02BF9E184E0828006A2856 /* AppDelegate.m */; };
		EC02BFA2184E0828006A2856 /* Main.storyboard in Resources */ = {isa = PBXBuildFile; fileRef = EC02BFA0184E0828006A2856 /* Main.storyboard */; };
		EC02BFA5184E0828006A2856 /* ViewController.m in Sources */ = {isa = PBXBuildFile; fileRef = EC02BFA4184E0828006A2856 /* ViewController.m */; };
		EC02BFA7184E0828006A2856 /* Images.xcassets in Resources */ = {isa = PBXBuildFile; fileRef = EC02BFA6184E0828006A2856 /* Images.xcassets */; };
		EC02BFAE184E0828006A2856 /* XCTest.framework in Frameworks */ = {isa = PBXBuildFile; fileRef = EC02BFAD184E0828006A2856 /* XCTest.framework */; };
		EC02BFAF184E0828006A2856 /* Foundation.framework in Frameworks */ = {isa = PBXBuildFile; fileRef = EC02BF8E184E0828006A2856 /* Foundation.framework */; };
		EC02BFB0184E0828006A2856 /* UIKit.framework in Frameworks */ = {isa = PBXBuildFile; fileRef = EC02BF92184E0828006A2856 /* UIKit.framework */; };
		EC02BFB8184E0828006A2856 /* InfoPlist.strings in Resources */ = {isa = PBXBuildFile; fileRef = EC02BFB6184E0828006A2856 /* InfoPlist.strings */; };
		EC02BFBA184E0828006A2856 /* sandboxTests.m in Sources */ = {isa = PBXBuildFile; fileRef = EC02BFB9184E0828006A2856 /* sandboxTests.m */; };
/* End PBXBuildFile section */

/* Begin PBXContainerItemProxy section */
		EC02BFB1184E0828006A2856 /* PBXContainerItemProxy */ = {
			isa = PBXContainerItemProxy;
			containerPortal = EC02BF83184E0828006A2856 /* Project object */;
			proxyType = 1;
			remoteGlobalIDString = EC02BF8A184E0828006A2856;
			remoteInfo = sandbox;
		};
/* End PBXContainerItemProxy section */

/* Begin PBXFileReference section */
		EC02BF8B184E0828006A2856 /* sandbox.app */ = {isa = PBXFileReference; explicitFileType = wrapper.application; includeInIndex = 0; path = sandbox.app; sourceTree = BUILT_PRODUCTS_DIR; };
		EC02BF8E184E0828006A2856 /* Foundation.framework */ = {isa = PBXFileReference; lastKnownFileType = wrapper.framework; name = Foundation.framework; path = System/Library/Frameworks/Foundation.framework; sourceTree = SDKROOT; };
		EC02BF90184E0828006A2856 /* CoreGraphics.framework */ = {isa = PBXFileReference; lastKnownFileType = wrapper.framework; name = CoreGraphics.framework; path = System/Library/Frameworks/CoreGraphics.framework; sourceTree = SDKROOT; };
		EC02BF92184E0828006A2856 /* UIKit.framework */ = {isa = PBXFileReference; lastKnownFileType = wrapper.framework; name = UIKit.framework; path = System/Library/Frameworks/UIKit.framework; sourceTree = SDKROOT; };
		EC02BF96184E0828006A2856 /* sandbox-Info.plist */ = {isa = PBXFileReference; lastKnownFileType = text.plist.xml; path = "sandbox-Info.plist"; sourceTree = "<group>"; };
		EC02BF98184E0828006A2856 /* en */ = {isa = PBXFileReference; lastKnownFileType = text.plist.strings; name = en; path = en.lproj/InfoPlist.strings; sourceTree = "<group>"; };
		EC02BF9A184E0828006A2856 /* main.m */ = {isa = PBXFileReference; lastKnownFileType = sourcecode.c.objc; path = main.m; sourceTree = "<group>"; };
		EC02BF9C184E0828006A2856 /* sandbox-Prefix.pch */ = {isa = PBXFileReference; lastKnownFileType = sourcecode.c.h; path = "sandbox-Prefix.pch"; sourceTree = "<group>"; };
		EC02BF9D184E0828006A2856 /* AppDelegate.h */ = {isa = PBXFileReference; lastKnownFileType = sourcecode.c.h; path = AppDelegate.h; sourceTree = "<group>"; };
		EC02BF9E184E0828006A2856 /* AppDelegate.m */ = {isa = PBXFileReference; lastKnownFileType = sourcecode.c.objc; path = AppDelegate.m; sourceTree = "<group>"; };
		EC02BFA1184E0828006A2856 /* Base */ = {isa = PBXFileReference; lastKnownFileType = file.storyboard; name = Base; path = Base.lproj/Main.storyboard; sourceTree = "<group>"; };
		EC02BFA3184E0828006A2856 /* ViewController.h */ = {isa = PBXFileReference; lastKnownFileType = sourcecode.c.h; path = ViewController.h; sourceTree = "<group>"; };
		EC02BFA4184E0828006A2856 /* ViewController.m */ = {isa = PBXFileReference; lastKnownFileType = sourcecode.c.objc; path = ViewController.m; sourceTree = "<group>"; };
		EC02BFA6184E0828006A2856 /* Images.xcassets */ = {isa = PBXFileReference; lastKnownFileType = folder.assetcatalog; path = Images.xcassets; sourceTree = "<group>"; };
		EC02BFAC184E0828006A2856 /* sandboxTests.xctest */ = {isa = PBXFileReference; explicitFileType = wrapper.cfbundle; includeInIndex = 0; path = sandboxTests.xctest; sourceTree = BUILT_PRODUCTS_DIR; };
		EC02BFAD184E0828006A2856 /* XCTest.framework */ = {isa = PBXFileReference; lastKnownFileType = wrapper.framework; name = XCTest.framework; path = Library/Frameworks/XCTest.framework; sourceTree = DEVELOPER_DIR; };
		EC02BFB5184E0828006A2856 /* sandboxTests-Info.plist */ = {isa = PBXFileReference; lastKnownFileType = text.plist.xml; path = "sandboxTests-Info.plist"; sourceTree = "<group>"; };
		EC02BFB7184E0828006A2856 /* en */ = {isa = PBXFileReference; lastKnownFileType = text.plist.strings; name = en; path = en.lproj/InfoPlist.strings; sourceTree = "<group>"; };
		EC02BFB9184E0828006A2856 /* sandboxTests.m */ = {isa = PBXFileReference; lastKnownFileType = sourcecode.c.objc; path = sandboxTests.m; sourceTree = "<group>"; };
/* End PBXFileReference section */

/* Begin PBXFrameworksBuildPhase section */
		EC02BF88184E0828006A2856 /* Frameworks */ = {
			isa = PBXFrameworksBuildPhase;
			buildActionMask = 2147483647;
			files = (
				EC02BF91184E0828006A2856 /* CoreGraphics.framework in Frameworks */,
				EC02BF93184E0828006A2856 /* UIKit.framework in Frameworks */,
				EC02BF8F184E0828006A2856 /* Foundation.framework in Frameworks */,
			);
			runOnlyForDeploymentPostprocessing = 0;
		};
		EC02BFA9184E0828006A2856 /* Frameworks */ = {
			isa = PBXFrameworksBuildPhase;
			buildActionMask = 2147483647;
			files = (
				EC02BFAE184E0828006A2856 /* XCTest.framework in Frameworks */,
				EC02BFB0184E0828006A2856 /* UIKit.framework in Frameworks */,
				EC02BFAF184E0828006A2856 /* Foundation.framework in Frameworks */,
			);
			runOnlyForDeploymentPostprocessing = 0;
		};
/* End PBXFrameworksBuildPhase section */

/* Begin PBXGroup section */
		EC02BF82184E0828006A2856 = {
			isa = PBXGroup;
			children = (
				EC02BF94184E0828006A2856 /* sandbox */,
				EC02BFB3184E0828006A2856 /* sandboxTests */,
				EC02BF8D184E0828006A2856 /* Frameworks */,
				EC02BF8C184E0828006A2856 /* Products */,
			);
			sourceTree = "<group>";
		};
		EC02BF8C184E0828006A2856 /* Products */ = {
			isa = PBXGroup;
			children = (
				EC02BF8B184E0828006A2856 /* sandbox.app */,
				EC02BFAC184E0828006A2856 /* sandboxTests.xctest */,
			);
			name = Products;
			sourceTree = "<group>";
		};
		EC02BF8D184E0828006A2856 /* Frameworks */ = {
			isa = PBXGroup;
			children = (
				EC02BF8E184E0828006A2856 /* Foundation.framework */,
				EC02BF90184E0828006A2856 /* CoreGraphics.framework */,
				EC02BF92184E0828006A2856 /* UIKit.framework */,
				EC02BFAD184E0828006A2856 /* XCTest.framework */,
			);
			name = Frameworks;
			sourceTree = "<group>";
		};
		EC02BF94184E0828006A2856 /* sandbox */ = {
			isa = PBXGroup;
			children = (
				EC02BF9D184E0828006A2856 /* AppDelegate.h */,
				EC02BF9E184E0828006A2856 /* AppDelegate.m */,
				EC02BFA0184E0828006A2856 /* Main.storyboard */,
				EC02BFA3184E0828006A2856 /* ViewController.h */,
				EC02BFA4184E0828006A2856 /* ViewController.m */,
				EC02BFA6184E0828006A2856 /* Images.xcassets */,
				EC02BF95184E0828006A2856 /* Supporting Files */,
			);
			path = sandbox;
			sourceTree = "<group>";
		};
		EC02BF95184E0828006A2856 /* Supporting Files */ = {
			isa = PBXGroup;
			children = (
				EC02BF96184E0828006A2856 /* sandbox-Info.plist */,
				EC02BF97184E0828006A2856 /* InfoPlist.strings */,
				EC02BF9A184E0828006A2856 /* main.m */,
				EC02BF9C184E0828006A2856 /* sandbox-Prefix.pch */,
			);
			name = "Supporting Files";
			sourceTree = "<group>";
		};
		EC02BFB3184E0828006A2856 /* sandboxTests */ = {
			isa = PBXGroup;
			children = (
				EC02BFB9184E0828006A2856 /* sandboxTests.m */,
				EC02BFB4184E0828006A2856 /* Supporting Files */,
			);
			path = sandboxTests;
			sourceTree = "<group>";
		};
		EC02BFB4184E0828006A2856 /* Supporting Files */ = {
			isa = PBXGroup;
			children = (
				EC02BFB5184E0828006A2856 /* sandboxTests-Info.plist */,
				EC02BFB6184E0828006A2856 /* InfoPlist.strings */,
			);
			name = "Supporting Files";
			sourceTree = "<group>";
		};
/* End PBXGroup section */

/* Begin PBXNativeTarget section */
		EC02BF8A184E0828006A2856 /* sandbox */ = {
			isa = PBXNativeTarget;
			buildConfigurationList = EC02BFBD184E0828006A2856 /* Build configuration list for PBXNativeTarget "sandbox" */;
			buildPhases = (
				EC02BF87184E0828006A2856 /* Sources */,
				EC02BF88184E0828006A2856 /* Frameworks */,
				EC02BF89184E0828006A2856 /* Resources */,
			);
			buildRules = (
			);
			dependencies = (
			);
			name = sandbox;
			productName = sandbox;
			productReference = EC02BF8B184E0828006A2856 /* sandbox.app */;
			productType = "com.apple.product-type.application";
		};
		EC02BFAB184E0828006A2856 /* sandboxTests */ = {
			isa = PBXNativeTarget;
			buildConfigurationList = EC02BFC0184E0828006A2856 /* Build configuration list for PBXNativeTarget "sandboxTests" */;
			buildPhases = (
				EC02BFA8184E0828006A2856 /* Sources */,
				EC02BFA9184E0828006A2856 /* Frameworks */,
				EC02BFAA184E0828006A2856 /* Resources */,
			);
			buildRules = (
			);
			dependencies = (
				EC02BFB2184E0828006A2856 /* PBXTargetDependency */,
			);
			name = sandboxTests;
			productName = sandboxTests;
			productReference = EC02BFAC184E0828006A2856 /* sandboxTests.xctest */;
			productType = "com.apple.product-type.bundle.unit-test";
		};
/* End PBXNativeTarget section */

/* Begin PBXProject section */
		EC02BF83184E0828006A2856 /* Project object */ = {
			isa = PBXProject;
			attributes = {
				LastUpgradeCheck = 0500;
				ORGANIZATIONNAME = HANDLEK;
				TargetAttributes = {
					EC02BFAB184E0828006A2856 = {
						TestTargetID = EC02BF8A184E0828006A2856;
					};
				};
			};
			buildConfigurationList = EC02BF86184E0828006A2856 /* Build configuration list for PBXProject "sandbox" */;
			compatibilityVersion = "Xcode 3.2";
			developmentRegion = English;
			hasScannedForEncodings = 0;
			knownRegions = (
				en,
				Base,
			);
			mainGroup = EC02BF82184E0828006A2856;
			productRefGroup = EC02BF8C184E0828006A2856 /* Products */;
			projectDirPath = "";
			projectRoot = "";
			targets = (
				EC02BF8A184E0828006A2856 /* sandbox */,
				EC02BFAB184E0828006A2856 /* sandboxTests */,
			);
		};
/* End PBXProject section */

/* Begin PBXResourcesBuildPhase section */
		EC02BF89184E0828006A2856 /* Resources */ = {
			isa = PBXResourcesBuildPhase;
			buildActionMask = 2147483647;
			files = (
				EC02BFA7184E0828006A2856 /* Images.xcassets in Resources */,
				EC02BF99184E0828006A2856 /* InfoPlist.strings in Resources */,
				EC02BFA2184E0828006A2856 /* Main.storyboard in Resources */,
			);
			runOnlyForDeploymentPostprocessing = 0;
		};
		EC02BFAA184E0828006A2856 /* Resources */ = {
			isa = PBXResourcesBuildPhase;
			buildActionMask = 2147483647;
			files = (
				EC02BFB8184E0828006A2856 /* InfoPlist.strings in Resources */,
			);
			runOnlyForDeploymentPostprocessing = 0;
		};
/* End PBXResourcesBuildPhase section */

/* Begin PBXSourcesBuildPhase section */
		EC02BF87184E0828006A2856 /* Sources */ = {
			isa = PBXSourcesBuildPhase;
			buildActionMask = 2147483647;
			files = (
				EC02BFA5184E0828006A2856 /* ViewController.m in Sources */,
				EC02BF9F184E0828006A2856 /* AppDelegate.m in Sources */,
				EC02BF9B184E0828006A2856 /* main.m in Sources */,
			);
			runOnlyForDeploymentPostprocessing = 0;
		};
		EC02BFA8184E0828006A2856 /* Sources */ = {
			isa = PBXSourcesBuildPhase;
			buildActionMask = 2147483647;
			files = (
				EC02BFBA184E0828006A2856 /* sandboxTests.m in Sources */,
			);
			runOnlyForDeploymentPostprocessing = 0;
		};
/* End PBXSourcesBuildPhase section */

/* Begin PBXTargetDependency section */
		EC02BFB2184E0828006A2856 /* PBXTargetDependency */ = {
			isa = PBXTargetDependency;
			target = EC02BF8A184E0828006A2856 /* sandbox */;
			targetProxy = EC02BFB1184E0828006A2856 /* PBXContainerItemProxy */;
		};
/* End PBXTargetDependency section */

/* Begin PBXVariantGroup section */
		EC02BF97184E0828006A2856 /* InfoPlist.strings */ = {
			isa = PBXVariantGroup;
			children = (
				EC02BF98184E0828006A2856 /* en */,
			);
			name = InfoPlist.strings;
			sourceTree = "<group>";
		};
		EC02BFA0184E0828006A2856 /* Main.storyboard */ = {
			isa = PBXVariantGroup;
			children = (
				EC02BFA1184E0828006A2856 /* Base */,
			);
			name = Main.storyboard;
			sourceTree = "<group>";
		};
		EC02BFB6184E0828006A2856 /* InfoPlist.strings */ = {
			isa = PBXVariantGroup;
			children = (
				EC02BFB7184E0828006A2856 /* en */,
			);
			name = InfoPlist.strings;
			sourceTree = "<group>";
		};
/* End PBXVariantGroup section */

/* Begin XCBuildConfiguration section */
		EC02BFBB184E0828006A2856 /* Debug */ = {
			isa = XCBuildConfiguration;
			buildSettings = {
				ALWAYS_SEARCH_USER_PATHS = NO;
				ARCHS = "$(ARCHS_STANDARD_INCLUDING_64_BIT)";
				CLANG_CXX_LANGUAGE_STANDARD = "gnu++0x";
				CLANG_CXX_LIBRARY = "libc++";
				CLANG_ENABLE_MODULES = YES;
				CLANG_ENABLE_OBJC_ARC = YES;
				CLANG_WARN_BOOL_CONVERSION = YES;
				CLANG_WARN_CONSTANT_CONVERSION = YES;
				CLANG_WARN_DIRECT_OBJC_ISA_USAGE = YES_ERROR;
				CLANG_WARN_EMPTY_BODY = YES;
				CLANG_WARN_ENUM_CONVERSION = YES;
				CLANG_WARN_INT_CONVERSION = YES;
				CLANG_WARN_OBJC_ROOT_CLASS = YES_ERROR;
				CLANG_WARN__DUPLICATE_METHOD_MATCH = YES;
				"CODE_SIGN_IDENTITY[sdk=iphoneos*]" = "iPhone Developer";
				COPY_PHASE_STRIP = NO;
				GCC_C_LANGUAGE_STANDARD = gnu99;
				GCC_DYNAMIC_NO_PIC = NO;
				GCC_OPTIMIZATION_LEVEL = 0;
				GCC_PREPROCESSOR_DEFINITIONS = (
					"DEBUG=1",
					"$(inherited)",
				);
				GCC_SYMBOLS_PRIVATE_EXTERN = NO;
				GCC_WARN_64_TO_32_BIT_CONVERSION = YES;
				GCC_WARN_ABOUT_RETURN_TYPE = YES_ERROR;
				GCC_WARN_UNDECLARED_SELECTOR = YES;
				GCC_WARN_UNINITIALIZED_AUTOS = YES;
				GCC_WARN_UNUSED_FUNCTION = YES;
				GCC_WARN_UNUSED_VARIABLE = YES;
				IPHONEOS_DEPLOYMENT_TARGET = 7.0;
				ONLY_ACTIVE_ARCH = YES;
				SDKROOT = iphoneos;
			};
			name = Debug;
		};
		EC02BFBC184E0828006A2856 /* Release */ = {
			isa = XCBuildConfiguration;
			buildSettings = {
				ALWAYS_SEARCH_USER_PATHS = NO;
				ARCHS = "$(ARCHS_STANDARD_INCLUDING_64_BIT)";
				CLANG_CXX_LANGUAGE_STANDARD = "gnu++0x";
				CLANG_CXX_LIBRARY = "libc++";
				CLANG_ENABLE_MODULES = YES;
				CLANG_ENABLE_OBJC_ARC = YES;
				CLANG_WARN_BOOL_CONVERSION = YES;
				CLANG_WARN_CONSTANT_CONVERSION = YES;
				CLANG_WARN_DIRECT_OBJC_ISA_USAGE = YES_ERROR;
				CLANG_WARN_EMPTY_BODY = YES;
				CLANG_WARN_ENUM_CONVERSION = YES;
				CLANG_WARN_INT_CONVERSION = YES;
				CLANG_WARN_OBJC_ROOT_CLASS = YES_ERROR;
				CLANG_WARN__DUPLICATE_METHOD_MATCH = YES;
				"CODE_SIGN_IDENTITY[sdk=iphoneos*]" = "iPhone Developer";
				COPY_PHASE_STRIP = YES;
				ENABLE_NS_ASSERTIONS = NO;
				GCC_C_LANGUAGE_STANDARD = gnu99;
				GCC_WARN_64_TO_32_BIT_CONVERSION = YES;
				GCC_WARN_ABOUT_RETURN_TYPE = YES_ERROR;
				GCC_WARN_UNDECLARED_SELECTOR = YES;
				GCC_WARN_UNINITIALIZED_AUTOS = YES;
				GCC_WARN_UNUSED_FUNCTION = YES;
				GCC_WARN_UNUSED_VARIABLE = YES;
				IPHONEOS_DEPLOYMENT_TARGET = 7.0;
				SDKROOT = iphoneos;
				VALIDATE_PRODUCT = YES;
			};
			name = Release;
		};
		EC02BFBE184E0828006A2856 /* Debug */ = {
			isa = XCBuildConfiguration;
			buildSettings = {
				ASSETCATALOG_COMPILER_APPICON_NAME = AppIcon;
				ASSETCATALOG_COMPILER_LAUNCHIMAGE_NAME = LaunchImage;
				GCC_PRECOMPILE_PREFIX_HEADER = YES;
				GCC_PREFIX_HEADER = "sandbox/sandbox-Prefix.pch";
				INFOPLIST_FILE = "sandbox/sandbox-Info.plist";
				PRODUCT_NAME = "$(TARGET_NAME)";
				WRAPPER_EXTENSION = app;
			};
			name = Debug;
		};
		EC02BFBF184E0828006A2856 /* Release */ = {
			isa = XCBuildConfiguration;
			buildSettings = {
				ASSETCATALOG_COMPILER_APPICON_NAME = AppIcon;
				ASSETCATALOG_COMPILER_LAUNCHIMAGE_NAME = LaunchImage;
				GCC_PRECOMPILE_PREFIX_HEADER = YES;
				GCC_PREFIX_HEADER = "sandbox/sandbox-Prefix.pch";
				INFOPLIST_FILE = "sandbox/sandbox-Info.plist";
				PRODUCT_NAME = "$(TARGET_NAME)";
				WRAPPER_EXTENSION = app;
			};
			name = Release;
		};
		EC02BFC1184E0828006A2856 /* Debug */ = {
			isa = XCBuildConfiguration;
			buildSettings = {
				ARCHS = "$(ARCHS_STANDARD_INCLUDING_64_BIT)";
				BUNDLE_LOADER = "$(BUILT_PRODUCTS_DIR)/sandbox.app/sandbox";
				FRAMEWORK_SEARCH_PATHS = (
					"$(SDKROOT)/Developer/Library/Frameworks",
					"$(inherited)",
					"$(DEVELOPER_FRAMEWORKS_DIR)",
				);
				GCC_PRECOMPILE_PREFIX_HEADER = YES;
				GCC_PREFIX_HEADER = "sandbox/sandbox-Prefix.pch";
				GCC_PREPROCESSOR_DEFINITIONS = (
					"DEBUG=1",
					"$(inherited)",
				);
				INFOPLIST_FILE = "sandboxTests/sandboxTests-Info.plist";
				PRODUCT_NAME = "$(TARGET_NAME)";
				TEST_HOST = "$(BUNDLE_LOADER)";
				WRAPPER_EXTENSION = xctest;
			};
			name = Debug;
		};
		EC02BFC2184E0828006A2856 /* Release */ = {
			isa = XCBuildConfiguration;
			buildSettings = {
				ARCHS = "$(ARCHS_STANDARD_INCLUDING_64_BIT)";
				BUNDLE_LOADER = "$(BUILT_PRODUCTS_DIR)/sandbox.app/sandbox";
				FRAMEWORK_SEARCH_PATHS = (
					"$(SDKROOT)/Developer/Library/Frameworks",
					"$(inherited)",
					"$(DEVELOPER_FRAMEWORKS_DIR)",
				);
				GCC_PRECOMPILE_PREFIX_HEADER = YES;
				GCC_PREFIX_HEADER = "sandbox/sandbox-Prefix.pch";
				INFOPLIST_FILE = "sandboxTests/sandboxTests-Info.plist";
				PRODUCT_NAME = "$(TARGET_NAME)";
				TEST_HOST = "$(BUNDLE_LOADER)";
				WRAPPER_EXTENSION = xctest;
			};
			name = Release;
		};
/* End XCBuildConfiguration section */

/* Begin XCConfigurationList section */
		EC02BF86184E0828006A2856 /* Build configuration list for PBXProject "sandbox" */ = {
			isa = XCConfigurationList;
			buildConfigurations = (
				EC02BFBB184E0828006A2856 /* Debug */,
				EC02BFBC184E0828006A2856 /* Release */,
			);
			defaultConfigurationIsVisible = 0;
			defaultConfigurationName = Release;
		};
		EC02BFBD184E0828006A2856 /* Build configuration list for PBXNativeTarget "sandbox" */ = {
			isa = XCConfigurationList;
			buildConfigurations = (
				EC02BFBE184E0828006A2856 /* Debug */,
				EC02BFBF184E0828006A2856 /* Release */,
			);
			defaultConfigurationIsVisible = 0;
		};
		EC02BFC0184E0828006A2856 /* Build configuration list for PBXNativeTarget "sandboxTests" */ = {
			isa = XCConfigurationList;
			buildConfigurations = (
				EC02BFC1184E0828006A2856 /* Debug */,
				EC02BFC2184E0828006A2856 /* Release */,
			);
			defaultConfigurationIsVisible = 0;
		};
/* End XCConfigurationList section */
	};
	rootObject = EC02BF83184E0828006A2856 /* Project object */;
}
